
Microsoft Visual Studio Solution File, Format Version 12.00
# Visual Studio Version 16
VisualStudioVersion = 16.0.29306.81
MinimumVisualStudioVersion = 10.0.40219.1
Project("{FAE04EC0-301F-11D3-BF4B-00C04F79EFBC}") = "Filter", "Filter\Filter.csproj", "{45287684-6717-4A91-8FE3-FA2CEC17750A}"
EndProject
Global
	GlobalSection(SolutionConfigurationPlatforms) = preSolution
		Debug|Any CPU = Debug|Any CPU
		Release|Any CPU = Release|Any CPU
	EndGlobalSection
	GlobalSection(ProjectConfigurationPlatforms) = postSolution
		{45287684-6717-4A91-8FE3-FA2CEC17750A}.Debug|Any CPU.ActiveCfg = Debug|Any CPU
		{45287684-6717-4A91-8FE3-FA2CEC17750A}.Debug|Any CPU.Build.0 = Debug|Any CPU
		{45287684-6717-4A91-8FE3-FA2CEC17750A}.Release|Any CPU.ActiveCfg = Release|Any CPU
		{45287684-6717-4A91-8FE3-FA2CEC17750A}.Release|Any CPU.Build.0 = Release|Any CPU
	EndGlobalSection
	GlobalSection(SolutionProperties) = preSolution
		HideSolutionNode = FALSE
	EndGlobalSection
	GlobalSection(ExtensibilityGlobals) = postSolution
		SolutionGuid = {FC37ED03-5FA1-4395-93FA-6B8CE735DBA2}
	EndGlobalSection
EndGlobal
